
Microsoft Visual Studio Solution File, Format Version 12.00
# Visual Studio 15
VisualStudioVersion = 15.0.28307.329
MinimumVisualStudioVersion = 10.0.40219.1
Project("{9A19103F-16F7-4668-BE54-9A1E7A4F7556}") = "CookBook.DAL", "CookBook.DAL\CookBook.DAL.csproj", "{B44CE478-2351-4266-BC13-8418D0C51BF7}"
EndProject
Project("{FAE04EC0-301F-11D3-BF4B-00C04F79EFBC}") = "CookBook.DAL.Tests", "CookBook.DAL.Tests\CookBook.DAL.Tests.csproj", "{8865C36B-6B04-488E-B061-96A34A6C0995}"
EndProject
Global
	GlobalSection(SolutionConfigurationPlatforms) = preSolution
		Debug|Any CPU = Debug|Any CPU
		Release|Any CPU = Release|Any CPU
	EndGlobalSection
	GlobalSection(ProjectConfigurationPlatforms) = postSolution
		{B44CE478-2351-4266-BC13-8418D0C51BF7}.Debug|Any CPU.ActiveCfg = Debug|Any CPU
		{B44CE478-2351-4266-BC13-8418D0C51BF7}.Debug|Any CPU.Build.0 = Debug|Any CPU
		{B44CE478-2351-4266-BC13-8418D0C51BF7}.Release|Any CPU.ActiveCfg = Release|Any CPU
		{B44CE478-2351-4266-BC13-8418D0C51BF7}.Release|Any CPU.Build.0 = Release|Any CPU
		{8865C36B-6B04-488E-B061-96A34A6C0995}.Debug|Any CPU.ActiveCfg = Debug|Any CPU
		{8865C36B-6B04-488E-B061-96A34A6C0995}.Debug|Any CPU.Build.0 = Debug|Any CPU
		{8865C36B-6B04-488E-B061-96A34A6C0995}.Release|Any CPU.ActiveCfg = Release|Any CPU
		{8865C36B-6B04-488E-B061-96A34A6C0995}.Release|Any CPU.Build.0 = Release|Any CPU
	EndGlobalSection
	GlobalSection(SolutionProperties) = preSolution
		HideSolutionNode = FALSE
	EndGlobalSection
	GlobalSection(ExtensibilityGlobals) = postSolution
		SolutionGuid = {D919F66F-AB5F-420E-BD12-6FE35CC2844C}
	EndGlobalSection
EndGlobal
